
Microsoft Visual Studio Solution File, Format Version 12.00
# Visual Studio Version 17
VisualStudioVersion = 17.0.31903.59
MinimumVisualStudioVersion = 10.0.40219.1
Project("{9A19103F-16F7-4668-BE54-9A1E7A4F7556}") = "TheCakeShop", "TheCakeShop.csproj", "{C3417AD4-22B1-4950-9C8E-61E24A0ED1B8}"
EndProject
Project("{9A19103F-16F7-4668-BE54-9A1E7A4F7556}") = "Entities", "..\Entities\Entities.csproj", "{0845743C-5659-4B4A-9426-18F216715765}"
EndProject
Project("{9A19103F-16F7-4668-BE54-9A1E7A4F7556}") = "Utilities", "..\Utilities\Utilities.csproj", "{74F41837-5C90-472B-918B-FE5F685179C2}"
EndProject
Project("{FAE04EC0-301F-11D3-BF4B-00C04F79EFBC}") = "Models", "..\Models\Models.csproj", "{5BFF8689-9152-43CC-ADA7-CA4291A12186}"
EndProject
Global
	GlobalSection(SolutionConfigurationPlatforms) = preSolution
		Debug|Any CPU = Debug|Any CPU
		Release|Any CPU = Release|Any CPU
	EndGlobalSection
	GlobalSection(ProjectConfigurationPlatforms) = postSolution
		{C3417AD4-22B1-4950-9C8E-61E24A0ED1B8}.Debug|Any CPU.ActiveCfg = Debug|Any CPU
		{C3417AD4-22B1-4950-9C8E-61E24A0ED1B8}.Debug|Any CPU.Build.0 = Debug|Any CPU
		{C3417AD4-22B1-4950-9C8E-61E24A0ED1B8}.Release|Any CPU.ActiveCfg = Release|Any CPU
		{C3417AD4-22B1-4950-9C8E-61E24A0ED1B8}.Release|Any CPU.Build.0 = Release|Any CPU
		{0845743C-5659-4B4A-9426-18F216715765}.Debug|Any CPU.ActiveCfg = Debug|Any CPU
		{0845743C-5659-4B4A-9426-18F216715765}.Debug|Any CPU.Build.0 = Debug|Any CPU
		{0845743C-5659-4B4A-9426-18F216715765}.Release|Any CPU.ActiveCfg = Release|Any CPU
		{0845743C-5659-4B4A-9426-18F216715765}.Release|Any CPU.Build.0 = Release|Any CPU
		{74F41837-5C90-472B-918B-FE5F685179C2}.Debug|Any CPU.ActiveCfg = Debug|Any CPU
		{74F41837-5C90-472B-918B-FE5F685179C2}.Debug|Any CPU.Build.0 = Debug|Any CPU
		{74F41837-5C90-472B-918B-FE5F685179C2}.Release|Any CPU.ActiveCfg = Release|Any CPU
		{74F41837-5C90-472B-918B-FE5F685179C2}.Release|Any CPU.Build.0 = Release|Any CPU
		{5BFF8689-9152-43CC-ADA7-CA4291A12186}.Debug|Any CPU.ActiveCfg = Debug|Any CPU
		{5BFF8689-9152-43CC-ADA7-CA4291A12186}.Debug|Any CPU.Build.0 = Debug|Any CPU
		{5BFF8689-9152-43CC-ADA7-CA4291A12186}.Release|Any CPU.ActiveCfg = Release|Any CPU
		{5BFF8689-9152-43CC-ADA7-CA4291A12186}.Release|Any CPU.Build.0 = Release|Any CPU
	EndGlobalSection
	GlobalSection(SolutionProperties) = preSolution
		HideSolutionNode = FALSE
	EndGlobalSection
	GlobalSection(ExtensibilityGlobals) = postSolution
		SolutionGuid = {ACED8713-DB93-46A6-91B7-775B310ACF08}
	EndGlobalSection
EndGlobal
